Microsoft Visual Studio Solution File, Format Version 12.00
# Visual Studio 15
VisualStudioVersion = 15.0.26730.12
MinimumVisualStudioVersion = 15.0.26124.0
Project("{FAE04EC0-301F-11D3-BF4B-00C04F79EFBC}") = "FunnyQuotesUIForms", "FunnyQuotesUIForms\FunnyQuotesUIForms.csproj", "{813CD4C2-912B-4AEE-AFE6-746F1DED74DA}"
EndProject
Project("{FAE04EC0-301F-11D3-BF4B-00C04F79EFBC}") = "FunnyQuotesCommon", "FunnyQuotesCommon\FunnyQuotesCommon.csproj", "{95A5BA31-2949-4BD7-946A-A77AD704D185}"
EndProject
Project("{FAE04EC0-301F-11D3-BF4B-00C04F79EFBC}") = "FunnyQuotesLegacyService", "FunnyQuotesLegacyService\FunnyQuotesLegacyService.csproj", "{C1CA994D-F9AF-4530-8FAE-210C0C04E77E}"
EndProject
Project("{FAE04EC0-301F-11D3-BF4B-00C04F79EFBC}") = "FunnyQuotesCookieDatabase", "FunnyQuotesCookieDatabase\FunnyQuotesCookieDatabase.csproj", "{85026D53-291D-4B8C-A7B8-37A9952267C1}"
EndProject
Project("{9A19103F-16F7-4668-BE54-9A1E7A4F7556}") = "FunnyQuotesUICore", "FunnyQuotesUICore\FunnyQuotesUICore.csproj", "{6B5303E0-A3D1-413C-8662-17A53D9C1ED6}"
EndProject
Project("{FAE04EC0-301F-11D3-BF4B-00C04F79EFBC}") = "FunnyQuotesServicesOwin", "FunnyQuotesServicesOwin\FunnyQuotesServicesOwin.csproj", "{30F209AC-A83A-413C-97BF-A50E05122EC9}"
EndProject
Global
	GlobalSection(SolutionConfigurationPlatforms) = preSolution
		Debug|Any CPU = Debug|Any CPU
		Debug|x64 = Debug|x64
		Debug|x86 = Debug|x86
		Release|Any CPU = Release|Any CPU
		Release|x64 = Release|x64
		Release|x86 = Release|x86
	EndGlobalSection
	GlobalSection(ProjectConfigurationPlatforms) = postSolution
		{813CD4C2-912B-4AEE-AFE6-746F1DED74DA}.Debug|Any CPU.ActiveCfg = Debug|Any CPU
		{813CD4C2-912B-4AEE-AFE6-746F1DED74DA}.Debug|Any CPU.Build.0 = Debug|Any CPU
		{813CD4C2-912B-4AEE-AFE6-746F1DED74DA}.Debug|x64.ActiveCfg = Debug|Any CPU
		{813CD4C2-912B-4AEE-AFE6-746F1DED74DA}.Debug|x64.Build.0 = Debug|Any CPU
		{813CD4C2-912B-4AEE-AFE6-746F1DED74DA}.Debug|x86.ActiveCfg = Debug|Any CPU
		{813CD4C2-912B-4AEE-AFE6-746F1DED74DA}.Debug|x86.Build.0 = Debug|Any CPU
		{813CD4C2-912B-4AEE-AFE6-746F1DED74DA}.Release|Any CPU.ActiveCfg = Release|Any CPU
		{813CD4C2-912B-4AEE-AFE6-746F1DED74DA}.Release|Any CPU.Build.0 = Release|Any CPU
		{813CD4C2-912B-4AEE-AFE6-746F1DED74DA}.Release|x64.ActiveCfg = Release|Any CPU
		{813CD4C2-912B-4AEE-AFE6-746F1DED74DA}.Release|x64.Build.0 = Release|Any CPU
		{813CD4C2-912B-4AEE-AFE6-746F1DED74DA}.Release|x86.ActiveCfg = Release|Any CPU
		{813CD4C2-912B-4AEE-AFE6-746F1DED74DA}.Release|x86.Build.0 = Release|Any CPU
		{95A5BA31-2949-4BD7-946A-A77AD704D185}.Debug|Any CPU.ActiveCfg = Debug|Any CPU
		{95A5BA31-2949-4BD7-946A-A77AD704D185}.Debug|Any CPU.Build.0 = Debug|Any CPU
		{95A5BA31-2949-4BD7-946A-A77AD704D185}.Debug|x64.ActiveCfg = Debug|Any CPU
		{95A5BA31-2949-4BD7-946A-A77AD704D185}.Debug|x64.Build.0 = Debug|Any CPU
		{95A5BA31-2949-4BD7-946A-A77AD704D185}.Debug|x86.ActiveCfg = Debug|Any CPU
		{95A5BA31-2949-4BD7-946A-A77AD704D185}.Debug|x86.Build.0 = Debug|Any CPU
		{95A5BA31-2949-4BD7-946A-A77AD704D185}.Release|Any CPU.ActiveCfg = Release|Any CPU
		{95A5BA31-2949-4BD7-946A-A77AD704D185}.Release|Any CPU.Build.0 = Release|Any CPU
		{95A5BA31-2949-4BD7-946A-A77AD704D185}.Release|x64.ActiveCfg = Release|Any CPU
		{95A5BA31-2949-4BD7-946A-A77AD704D185}.Release|x64.Build.0 = Release|Any CPU
		{95A5BA31-2949-4BD7-946A-A77AD704D185}.Release|x86.ActiveCfg = Release|Any CPU
		{95A5BA31-2949-4BD7-946A-A77AD704D185}.Release|x86.Build.0 = Release|Any CPU
		{C1CA994D-F9AF-4530-8FAE-210C0C04E77E}.Debug|Any CPU.ActiveCfg = Debug|Any CPU
		{C1CA994D-F9AF-4530-8FAE-210C0C04E77E}.Debug|Any CPU.Build.0 = Debug|Any CPU
		{C1CA994D-F9AF-4530-8FAE-210C0C04E77E}.Debug|x64.ActiveCfg = Debug|Any CPU
		{C1CA994D-F9AF-4530-8FAE-210C0C04E77E}.Debug|x64.Build.0 = Debug|Any CPU
		{C1CA994D-F9AF-4530-8FAE-210C0C04E77E}.Debug|x86.ActiveCfg = Debug|Any CPU
		{C1CA994D-F9AF-4530-8FAE-210C0C04E77E}.Debug|x86.Build.0 = Debug|Any CPU
		{C1CA994D-F9AF-4530-8FAE-210C0C04E77E}.Release|Any CPU.ActiveCfg = Release|Any CPU
		{C1CA994D-F9AF-4530-8FAE-210C0C04E77E}.Release|Any CPU.Build.0 = Release|Any CPU
		{C1CA994D-F9AF-4530-8FAE-210C0C04E77E}.Release|x64.ActiveCfg = Release|Any CPU
		{C1CA994D-F9AF-4530-8FAE-210C0C04E77E}.Release|x64.Build.0 = Release|Any CPU
		{C1CA994D-F9AF-4530-8FAE-210C0C04E77E}.Release|x86.ActiveCfg = Release|Any CPU
		{C1CA994D-F9AF-4530-8FAE-210C0C04E77E}.Release|x86.Build.0 = Release|Any CPU
		{85026D53-291D-4B8C-A7B8-37A9952267C1}.Debug|Any CPU.ActiveCfg = Debug|Any CPU
		{85026D53-291D-4B8C-A7B8-37A9952267C1}.Debug|Any CPU.Build.0 = Debug|Any CPU
		{85026D53-291D-4B8C-A7B8-37A9952267C1}.Debug|x64.ActiveCfg = Debug|Any CPU
		{85026D53-291D-4B8C-A7B8-37A9952267C1}.Debug|x64.Build.0 = Debug|Any CPU
		{85026D53-291D-4B8C-A7B8-37A9952267C1}.Debug|x86.ActiveCfg = Debug|Any CPU
		{85026D53-291D-4B8C-A7B8-37A9952267C1}.Debug|x86.Build.0 = Debug|Any CPU
		{85026D53-291D-4B8C-A7B8-37A9952267C1}.Release|Any CPU.ActiveCfg = Release|Any CPU
		{85026D53-291D-4B8C-A7B8-37A9952267C1}.Release|Any CPU.Build.0 = Release|Any CPU
		{85026D53-291D-4B8C-A7B8-37A9952267C1}.Release|x64.ActiveCfg = Release|Any CPU
		{85026D53-291D-4B8C-A7B8-37A9952267C1}.Release|x64.Build.0 = Release|Any CPU
		{85026D53-291D-4B8C-A7B8-37A9952267C1}.Release|x86.ActiveCfg = Release|Any CPU
		{85026D53-291D-4B8C-A7B8-37A9952267C1}.Release|x86.Build.0 = Release|Any CPU
		{6B5303E0-A3D1-413C-8662-17A53D9C1ED6}.Debug|Any CPU.ActiveCfg = Debug|Any CPU
		{6B5303E0-A3D1-413C-8662-17A53D9C1ED6}.Debug|Any CPU.Build.0 = Debug|Any CPU
		{6B5303E0-A3D1-413C-8662-17A53D9C1ED6}.Debug|x64.ActiveCfg = Debug|Any CPU
		{6B5303E0-A3D1-413C-8662-17A53D9C1ED6}.Debug|x64.Build.0 = Debug|Any CPU
		{6B5303E0-A3D1-413C-8662-17A53D9C1ED6}.Debug|x86.ActiveCfg = Debug|Any CPU
		{6B5303E0-A3D1-413C-8662-17A53D9C1ED6}.Debug|x86.Build.0 = Debug|Any CPU
		{6B5303E0-A3D1-413C-8662-17A53D9C1ED6}.Release|Any CPU.ActiveCfg = Release|Any CPU
		{6B5303E0-A3D1-413C-8662-17A53D9C1ED6}.Release|Any CPU.Build.0 = Release|Any CPU
		{6B5303E0-A3D1-413C-8662-17A53D9C1ED6}.Release|x64.ActiveCfg = Release|Any CPU
		{6B5303E0-A3D1-413C-8662-17A53D9C1ED6}.Release|x64.Build.0 = Release|Any CPU
		{6B5303E0-A3D1-413C-8662-17A53D9C1ED6}.Release|x86.ActiveCfg = Release|Any CPU
		{6B5303E0-A3D1-413C-8662-17A53D9C1ED6}.Release|x86.Build.0 = Release|Any CPU
		{30F209AC-A83A-413C-97BF-A50E05122EC9}.Debug|Any CPU.ActiveCfg = Debug|Any CPU
		{30F209AC-A83A-413C-97BF-A50E05122EC9}.Debug|Any CPU.Build.0 = Debug|Any CPU
		{30F209AC-A83A-413C-97BF-A50E05122EC9}.Debug|x64.ActiveCfg = Debug|Any CPU
		{30F209AC-A83A-413C-97BF-A50E05122EC9}.Debug|x64.Build.0 = Debug|Any CPU
		{30F209AC-A83A-413C-97BF-A50E05122EC9}.Debug|x86.ActiveCfg = Debug|Any CPU
		{30F209AC-A83A-413C-97BF-A50E05122EC9}.Debug|x86.Build.0 = Debug|Any CPU
		{30F209AC-A83A-413C-97BF-A50E05122EC9}.Release|Any CPU.ActiveCfg = Release|Any CPU
		{30F209AC-A83A-413C-97BF-A50E05122EC9}.Release|Any CPU.Build.0 = Release|Any CPU
		{30F209AC-A83A-413C-97BF-A50E05122EC9}.Release|x64.ActiveCfg = Release|Any CPU
		{30F209AC-A83A-413C-97BF-A50E05122EC9}.Release|x64.Build.0 = Release|Any CPU
		{30F209AC-A83A-413C-97BF-A50E05122EC9}.Release|x86.ActiveCfg = Release|Any CPU
		{30F209AC-A83A-413C-97BF-A50E05122EC9}.Release|x86.Build.0 = Release|Any CPU
	EndGlobalSection
	GlobalSection(SolutionProperties) = preSolution
		HideSolutionNode = FALSE
	EndGlobalSection
	GlobalSection(ExtensibilityGlobals) = postSolution
		SolutionGuid = {CE1C9683-3346-4C71-82A4-DFDADBAC27ED}
	EndGlobalSection
EndGlobal
